
Microsoft Visual Studio Solution File, Format Version 12.00
# Visual Studio Version 17
VisualStudioVersion = 17.14.37203.1 d17.14
MinimumVisualStudioVersion = 10.0.40219.1
Project("{FAE04EC0-301F-11D3-BF4B-00C04F79EFBC}") = "EmpMngtAPI", "EmpMngtAPI\EmpMngtAPI.csproj", "{166FD603-4EC2-4E59-871D-024BB45D2CB4}"
EndProject
Global
	GlobalSection(SolutionConfigurationPlatforms) = preSolution
		Debug|Any CPU = Debug|Any CPU
		Release|Any CPU = Release|Any CPU
	EndGlobalSection
	GlobalSection(ProjectConfigurationPlatforms) = postSolution
		{166FD603-4EC2-4E59-871D-024BB45D2CB4}.Debug|Any CPU.ActiveCfg = Debug|Any CPU
		{166FD603-4EC2-4E59-871D-024BB45D2CB4}.Debug|Any CPU.Build.0 = Debug|Any CPU
		{166FD603-4EC2-4E59-871D-024BB45D2CB4}.Release|Any CPU.ActiveCfg = Release|Any CPU
		{166FD603-4EC2-4E59-871D-024BB45D2CB4}.Release|Any CPU.Build.0 = Release|Any CPU
	EndGlobalSection
	GlobalSection(SolutionProperties) = preSolution
		HideSolutionNode = FALSE
	EndGlobalSection
	GlobalSection(ExtensibilityGlobals) = postSolution
		SolutionGuid = {F7305D26-F1A8-4C70-B527-C47A2E5FD27B}
	EndGlobalSection
EndGlobal
